{
  "nodes": {
    "home-manager": {
      "inputs": {
        "nixpkgs": [
          "nixpkgs"
        ]
      },
      "locked": {
        "lastModified": 1713906585,
        "narHash": "sha256-fv84DCOkBtjF6wMATt0rfovu7e95L8rdEkSfNbwKR3U=",
        "owner": "nix-community",
        "repo": "home-manager",
        "rev": "bfa7c06436771e3a0c666ccc6ee01e815d4c33aa",
        "type": "github"
      },
      "original": {
        "owner": "nix-community",
        "repo": "home-manager",
        "type": "github"
      }
    },
    "nixpkgs": {
      "locked": {
        "lastModified": 1713828541,
        "narHash": "sha256-KtvQeE12MSkCOhvVmnmcZCjnx7t31zWin2XVSDOwBDE=",
        "owner": "NixOS",
        "repo": "nixpkgs",
        "rev": "b500489fd3cf653eafc075f9362423ad5cdd8676",
        "type": "github"
      },
      "original": {
        "owner": "NixOS",
        "ref": "nixos-23.11",
        "repo": "nixpkgs",
        "type": "github"
      }
    },
    "root": {
      "inputs": {
        "home-manager": "home-manager",
        "nixpkgs": "nixpkgs"
      }
    }
  },
  "root": "root",
  "version": 7
}
